
Microsoft Visual Studio Solution File, Format Version 12.00
# Visual Studio Version 17
VisualStudioVersion = 17.10.35013.160
MinimumVisualStudioVersion = 10.0.40219.1
Project("{FAE04EC0-301F-11D3-BF4B-00C04F79EFBC}") = "MonnifyWebhook.Api", "MonnifyWebhook.Api\MonnifyWebhook.Api.csproj", "{A429694E-A969-4CFD-80CF-879C34FBE3F1}"
EndProject
Project("{FAE04EC0-301F-11D3-BF4B-00C04F79EFBC}") = "MonnifyWebhook.Core", "MonnifyWebhook.Core\MonnifyWebhook.Core.csproj", "{9DBBC01F-5043-4149-A1F9-E5045C938004}"
EndProject
Global
	GlobalSection(SolutionConfigurationPlatforms) = preSolution
		Debug|Any CPU = Debug|Any CPU
		Release|Any CPU = Release|Any CPU
	EndGlobalSection
	GlobalSection(ProjectConfigurationPlatforms) = postSolution
		{A429694E-A969-4CFD-80CF-879C34FBE3F1}.Debug|Any CPU.ActiveCfg = Debug|Any CPU
		{A429694E-A969-4CFD-80CF-879C34FBE3F1}.Debug|Any CPU.Build.0 = Debug|Any CPU
		{A429694E-A969-4CFD-80CF-879C34FBE3F1}.Release|Any CPU.ActiveCfg = Release|Any CPU
		{A429694E-A969-4CFD-80CF-879C34FBE3F1}.Release|Any CPU.Build.0 = Release|Any CPU
		{9DBBC01F-5043-4149-A1F9-E5045C938004}.Debug|Any CPU.ActiveCfg = Debug|Any CPU
		{9DBBC01F-5043-4149-A1F9-E5045C938004}.Debug|Any CPU.Build.0 = Debug|Any CPU
		{9DBBC01F-5043-4149-A1F9-E5045C938004}.Release|Any CPU.ActiveCfg = Release|Any CPU
		{9DBBC01F-5043-4149-A1F9-E5045C938004}.Release|Any CPU.Build.0 = Release|Any CPU
	EndGlobalSection
	GlobalSection(SolutionProperties) = preSolution
		HideSolutionNode = FALSE
	EndGlobalSection
	GlobalSection(ExtensibilityGlobals) = postSolution
		SolutionGuid = {391C6AE9-9CC4-457C-AB2E-DFC798B743B9}
	EndGlobalSection
EndGlobal
